{
  "pins" : [
    {
      "identity" : "visualtestkit",
      "kind" : "remoteSourceControl",
      "location" : "https://github.com/paulz/VisualTestKit.git",
      "state" : {
        "branch" : "main",
        "revision" : "286eb5e8a0490d743c0e71918c5ba4532e5b6d66"
      }
    }
  ],
  "version" : 2
}
