{
  "pins" : [
    {
      "identity" : "visualtestkit",
      "kind" : "remoteSourceControl",
      "location" : "https://github.com/paulz/VisualTestKit.git",
      "state" : {
        "branch" : "main",
        "revision" : "d93aaf96aaaf95ce0179891a9b34a7e719cd15a9"
      }
    }
  ],
  "version" : 2
}
