// !$*UTF8*$!
{
	archiveVersion = 1;
	classes = {
	};
	objectVersion = 55;
	objects = {

/* Begin PBXBuildFile section */
		4B058454283A66090027DAD5 /* ExampleApp.swift in Sources */ = {isa = PBXBuildFile; fileRef = 4B058453283A66090027DAD5 /* ExampleApp.swift */; };
		4B058456283A66090027DAD5 /* ContentView.swift in Sources */ = {isa = PBXBuildFile; fileRef = 4B058455283A66090027DAD5 /* ContentView.swift */; };
		4B058458283A660A0027DAD5 /* Assets.xcassets in Resources */ = {isa = PBXBuildFile; fileRef = 4B058457283A660A0027DAD5 /* Assets.xcassets */; };
		4B05845B283A660A0027DAD5 /* Preview Assets.xcassets in Resources */ = {isa = PBXBuildFile; fileRef = 4B05845A283A660A0027DAD5 /* Preview Assets.xcassets */; };
		4B058465283A660A0027DAD5 /* SnapshotTests.swift in Sources */ = {isa = PBXBuildFile; fileRef = 4B058464283A660A0027DAD5 /* SnapshotTests.swift */; };
		4B058496283A67DE0027DAD5 /* XCTest.framework in Frameworks */ = {isa = PBXBuildFile; fileRef = 4B058495283A67DD0027DAD5 /* XCTest.framework */; platformFilter = ios; };
		4B0584A1283ADCD80027DAD5 /* maxColorDiff.swift in Sources */ = {isa = PBXBuildFile; fileRef = 4B05849E283ADCB00027DAD5 /* maxColorDiff.swift */; };
		4B0584A2283ADCD80027DAD5 /* UIViewExtensions.swift in Sources */ = {isa = PBXBuildFile; fileRef = 4B05849F283ADCB00027DAD5 /* UIViewExtensions.swift */; };
		4B0584A3283ADCD80027DAD5 /* verifySnapshot.swift in Sources */ = {isa = PBXBuildFile; fileRef = 4B0584A0283ADCB00027DAD5 /* verifySnapshot.swift */; };
		4B0584A5283ADFBF0027DAD5 /* FavoriteView.swift in Sources */ = {isa = PBXBuildFile; fileRef = 4B0584A4283ADFBF0027DAD5 /* FavoriteView.swift */; };
		4B77755928547AC60044E2BC /* CIImage+Extensions.swift in Sources */ = {isa = PBXBuildFile; fileRef = 4B77755828547AC60044E2BC /* CIImage+Extensions.swift */; };
		4B9C573A284DE2DF001DE13A /* PreviewGroup.framework in Frameworks */ = {isa = PBXBuildFile; fileRef = 4B9C5734284DE2DF001DE13A /* PreviewGroup.framework */; };
		4B9C573B284DE2DF001DE13A /* PreviewGroup.framework in Embed Frameworks */ = {isa = PBXBuildFile; fileRef = 4B9C5734284DE2DF001DE13A /* PreviewGroup.framework */; settings = {ATTRIBUTES = (CodeSignOnCopy, RemoveHeadersOnCopy, ); }; };
		4B9C573F284DE2E8001DE13A /* PreviewGroup.swift in Sources */ = {isa = PBXBuildFile; fileRef = 4B9C5728284DE251001DE13A /* PreviewGroup.swift */; };
		4B9C5740284DE2E8001DE13A /* PreviewGroupRoot.swift in Sources */ = {isa = PBXBuildFile; fileRef = 4B9C572A284DE262001DE13A /* PreviewGroupRoot.swift */; };
		4B9C5744284DE438001DE13A /* PreviewGroup.framework in Frameworks */ = {isa = PBXBuildFile; fileRef = 4B9C5734284DE2DF001DE13A /* PreviewGroup.framework */; };
		4BEE8EDD285D944300E961AA /* SnapshotsConfiguration.swift in Sources */ = {isa = PBXBuildFile; fileRef = 4BEE8EDC285D944300E961AA /* SnapshotsConfiguration.swift */; };
		4BEEBDAD284DEC6C00536554 /* SwiftUI_snapshot_test.framework in Frameworks */ = {isa = PBXBuildFile; fileRef = 4B058482283A67650027DAD5 /* SwiftUI_snapshot_test.framework */; };
/* End PBXBuildFile section */

/* Begin PBXContainerItemProxy section */
		4B058461283A660A0027DAD5 /* PBXContainerItemProxy */ = {
			isa = PBXContainerItemProxy;
			containerPortal = 4B058448283A66080027DAD5 /* Project object */;
			proxyType = 1;
			remoteGlobalIDString = 4B05844F283A66090027DAD5;
			remoteInfo = Example;
		};
		4B9C5738284DE2DF001DE13A /* PBXContainerItemProxy */ = {
			isa = PBXContainerItemProxy;
			containerPortal = 4B058448283A66080027DAD5 /* Project object */;
			proxyType = 1;
			remoteGlobalIDString = 4B9C5733284DE2DF001DE13A;
			remoteInfo = PreviewGroup;
		};
		4B9C5742284DE37C001DE13A /* PBXContainerItemProxy */ = {
			isa = PBXContainerItemProxy;
			containerPortal = 4B058448283A66080027DAD5 /* Project object */;
			proxyType = 1;
			remoteGlobalIDString = 4B9C5733284DE2DF001DE13A;
			remoteInfo = PreviewGroup;
		};
/* End PBXContainerItemProxy section */

/* Begin PBXCopyFilesBuildPhase section */
		4B05848D283A67650027DAD5 /* Embed Frameworks */ = {
			isa = PBXCopyFilesBuildPhase;
			buildActionMask = 2147483647;
			dstPath = "";
			dstSubfolderSpec = 10;
			files = (
				4B9C573B284DE2DF001DE13A /* PreviewGroup.framework in Embed Frameworks */,
			);
			name = "Embed Frameworks";
			runOnlyForDeploymentPostprocessing = 0;
		};
		4B058498283A67DE0027DAD5 /* Embed Frameworks */ = {
			isa = PBXCopyFilesBuildPhase;
			buildActionMask = 2147483647;
			dstPath = "";
			dstSubfolderSpec = 10;
			files = (
			);
			name = "Embed Frameworks";
			runOnlyForDeploymentPostprocessing = 0;
		};
/* End PBXCopyFilesBuildPhase section */

/* Begin PBXFileReference section */
		4B058450283A66090027DAD5 /* Example.app */ = {isa = PBXFileReference; explicitFileType = wrapper.application; includeInIndex = 0; path = Example.app; sourceTree = BUILT_PRODUCTS_DIR; };
		4B058453283A66090027DAD5 /* ExampleApp.swift */ = {isa = PBXFileReference; lastKnownFileType = sourcecode.swift; path = ExampleApp.swift; sourceTree = "<group>"; };
		4B058455283A66090027DAD5 /* ContentView.swift */ = {isa = PBXFileReference; lastKnownFileType = sourcecode.swift; path = ContentView.swift; sourceTree = "<group>"; };
		4B058457283A660A0027DAD5 /* Assets.xcassets */ = {isa = PBXFileReference; lastKnownFileType = folder.assetcatalog; path = Assets.xcassets; sourceTree = "<group>"; };
		4B05845A283A660A0027DAD5 /* Preview Assets.xcassets */ = {isa = PBXFileReference; lastKnownFileType = folder.assetcatalog; path = "Preview Assets.xcassets"; sourceTree = "<group>"; };
		4B058460283A660A0027DAD5 /* ApplicationTests.xctest */ = {isa = PBXFileReference; includeInIndex = 0; lastKnownFileType = file; path = ApplicationTests.xctest; sourceTree = BUILT_PRODUCTS_DIR; };
		4B058464283A660A0027DAD5 /* SnapshotTests.swift */ = {isa = PBXFileReference; lastKnownFileType = sourcecode.swift; path = SnapshotTests.swift; sourceTree = "<group>"; };
		4B058482283A67650027DAD5 /* SwiftUI_snapshot_test.framework */ = {isa = PBXFileReference; explicitFileType = wrapper.framework; includeInIndex = 0; path = SwiftUI_snapshot_test.framework; sourceTree = BUILT_PRODUCTS_DIR; };
		4B058495283A67DD0027DAD5 /* XCTest.framework */ = {isa = PBXFileReference; lastKnownFileType = wrapper.framework; name = XCTest.framework; path = Platforms/iPhoneOS.platform/Developer/Library/Frameworks/XCTest.framework; sourceTree = DEVELOPER_DIR; };
		4B058499283A6D1C0027DAD5 /* Snapshots */ = {isa = PBXFileReference; lastKnownFileType = folder; path = Snapshots; sourceTree = "<group>"; };
		4B05849E283ADCB00027DAD5 /* maxColorDiff.swift */ = {isa = PBXFileReference; lastKnownFileType = sourcecode.swift; name = maxColorDiff.swift; path = ../Sources/ViewSnapshotTesting/Private/maxColorDiff.swift; sourceTree = "<group>"; };
		4B05849F283ADCB00027DAD5 /* UIViewExtensions.swift */ = {isa = PBXFileReference; lastKnownFileType = sourcecode.swift; name = UIViewExtensions.swift; path = ../Sources/ViewSnapshotTesting/Private/UIViewExtensions.swift; sourceTree = "<group>"; };
		4B0584A0283ADCB00027DAD5 /* verifySnapshot.swift */ = {isa = PBXFileReference; lastKnownFileType = sourcecode.swift; name = verifySnapshot.swift; path = ../Sources/ViewSnapshotTesting/verifySnapshot.swift; sourceTree = "<group>"; };
		4B0584A4283ADFBF0027DAD5 /* FavoriteView.swift */ = {isa = PBXFileReference; fileEncoding = 4; lastKnownFileType = sourcecode.swift; path = FavoriteView.swift; sourceTree = "<group>"; };
		4B77755828547AC60044E2BC /* CIImage+Extensions.swift */ = {isa = PBXFileReference; fileEncoding = 4; lastKnownFileType = sourcecode.swift; name = "CIImage+Extensions.swift"; path = "../Sources/ViewSnapshotTesting/Private/CIImage+Extensions.swift"; sourceTree = "<group>"; };
		4B9C5728284DE251001DE13A /* PreviewGroup.swift */ = {isa = PBXFileReference; fileEncoding = 4; lastKnownFileType = sourcecode.swift; name = PreviewGroup.swift; path = ../../Sources/PreviewGroup/PreviewGroup.swift; sourceTree = "<group>"; };
		4B9C572A284DE262001DE13A /* PreviewGroupRoot.swift */ = {isa = PBXFileReference; fileEncoding = 4; lastKnownFileType = sourcecode.swift; name = PreviewGroupRoot.swift; path = ../../Sources/PreviewGroup/Private/PreviewGroupRoot.swift; sourceTree = "<group>"; };
		4B9C5734284DE2DF001DE13A /* PreviewGroup.framework */ = {isa = PBXFileReference; explicitFileType = wrapper.framework; includeInIndex = 0; path = PreviewGroup.framework; sourceTree = BUILT_PRODUCTS_DIR; };
		4BEE8EDC285D944300E961AA /* SnapshotsConfiguration.swift */ = {isa = PBXFileReference; fileEncoding = 4; lastKnownFileType = sourcecode.swift; name = SnapshotsConfiguration.swift; path = ../Sources/ViewSnapshotTesting/SnapshotsConfiguration.swift; sourceTree = "<group>"; };
		4BEEBDAC284DEB1700536554 /* workflows */ = {isa = PBXFileReference; lastKnownFileType = folder; name = workflows; path = ../.github/workflows; sourceTree = "<group>"; };
/* End PBXFileReference section */

/* Begin PBXFrameworksBuildPhase section */
		4B05844D283A66090027DAD5 /* Frameworks */ = {
			isa = PBXFrameworksBuildPhase;
			buildActionMask = 2147483647;
			files = (
				4B9C573A284DE2DF001DE13A /* PreviewGroup.framework in Frameworks */,
			);
			runOnlyForDeploymentPostprocessing = 0;
		};
		4B05845D283A660A0027DAD5 /* Frameworks */ = {
			isa = PBXFrameworksBuildPhase;
			buildActionMask = 2147483647;
			files = (
				4BEEBDAD284DEC6C00536554 /* SwiftUI_snapshot_test.framework in Frameworks */,
			);
			runOnlyForDeploymentPostprocessing = 0;
		};
		4B05847F283A67650027DAD5 /* Frameworks */ = {
			isa = PBXFrameworksBuildPhase;
			buildActionMask = 2147483647;
			files = (
				4B9C5744284DE438001DE13A /* PreviewGroup.framework in Frameworks */,
				4B058496283A67DE0027DAD5 /* XCTest.framework in Frameworks */,
			);
			runOnlyForDeploymentPostprocessing = 0;
		};
		4B9C5731284DE2DF001DE13A /* Frameworks */ = {
			isa = PBXFrameworksBuildPhase;
			buildActionMask = 2147483647;
			files = (
			);
			runOnlyForDeploymentPostprocessing = 0;
		};
/* End PBXFrameworksBuildPhase section */

/* Begin PBXGroup section */
		4B058447283A66080027DAD5 = {
			isa = PBXGroup;
			children = (
				4BEEBDAC284DEB1700536554 /* workflows */,
				4B058452283A66090027DAD5 /* Example */,
				4B058463283A660A0027DAD5 /* ApplicationTests */,
				4B05849D283ADCA10027DAD5 /* SwiftUI-snapshot-test */,
				4B9C5722284DE20F001DE13A /* PreviewGroup */,
				4B058451283A66090027DAD5 /* Products */,
				4B058494283A67DD0027DAD5 /* Frameworks */,
			);
			sourceTree = "<group>";
		};
		4B058451283A66090027DAD5 /* Products */ = {
			isa = PBXGroup;
			children = (
				4B058450283A66090027DAD5 /* Example.app */,
				4B058460283A660A0027DAD5 /* ApplicationTests.xctest */,
				4B058482283A67650027DAD5 /* SwiftUI_snapshot_test.framework */,
				4B9C5734284DE2DF001DE13A /* PreviewGroup.framework */,
			);
			name = Products;
			sourceTree = "<group>";
		};
		4B058452283A66090027DAD5 /* Example */ = {
			isa = PBXGroup;
			children = (
				4B058453283A66090027DAD5 /* ExampleApp.swift */,
				4B0584A4283ADFBF0027DAD5 /* FavoriteView.swift */,
				4B058455283A66090027DAD5 /* ContentView.swift */,
				4B058457283A660A0027DAD5 /* Assets.xcassets */,
				4B058459283A660A0027DAD5 /* Preview Content */,
			);
			name = Example;
			path = App;
			sourceTree = "<group>";
		};
		4B058459283A660A0027DAD5 /* Preview Content */ = {
			isa = PBXGroup;
			children = (
				4B05845A283A660A0027DAD5 /* Preview Assets.xcassets */,
			);
			path = "Preview Content";
			sourceTree = "<group>";
		};
		4B058463283A660A0027DAD5 /* ApplicationTests */ = {
			isa = PBXGroup;
			children = (
				4B058464283A660A0027DAD5 /* SnapshotTests.swift */,
				4B058499283A6D1C0027DAD5 /* Snapshots */,
			);
			path = ApplicationTests;
			sourceTree = "<group>";
		};
		4B058494283A67DD0027DAD5 /* Frameworks */ = {
			isa = PBXGroup;
			children = (
				4B058495283A67DD0027DAD5 /* XCTest.framework */,
			);
			name = Frameworks;
			sourceTree = "<group>";
		};
		4B05849D283ADCA10027DAD5 /* SwiftUI-snapshot-test */ = {
			isa = PBXGroup;
			children = (
				4B05849E283ADCB00027DAD5 /* maxColorDiff.swift */,
				4B77755828547AC60044E2BC /* CIImage+Extensions.swift */,
				4B05849F283ADCB00027DAD5 /* UIViewExtensions.swift */,
				4B0584A0283ADCB00027DAD5 /* verifySnapshot.swift */,
				4BEE8EDC285D944300E961AA /* SnapshotsConfiguration.swift */,
			);
			name = "SwiftUI-snapshot-test";
			sourceTree = "<group>";
		};
		4B9C5722284DE20F001DE13A /* PreviewGroup */ = {
			isa = PBXGroup;
			children = (
				4B9C5728284DE251001DE13A /* PreviewGroup.swift */,
				4B9C572A284DE262001DE13A /* PreviewGroupRoot.swift */,
			);
			name = PreviewGroup;
			path = ../Sources/PreviewGroup;
			sourceTree = "<group>";
		};
/* End PBXGroup section */

/* Begin PBXHeadersBuildPhase section */
		4B05847D283A67650027DAD5 /* Headers */ = {
			isa = PBXHeadersBuildPhase;
			buildActionMask = 2147483647;
			files = (
			);
			runOnlyForDeploymentPostprocessing = 0;
		};
		4B9C572F284DE2DF001DE13A /* Headers */ = {
			isa = PBXHeadersBuildPhase;
			buildActionMask = 2147483647;
			files = (
			);
			runOnlyForDeploymentPostprocessing = 0;
		};
/* End PBXHeadersBuildPhase section */

/* Begin PBXNativeTarget section */
		4B05844F283A66090027DAD5 /* Example */ = {
			isa = PBXNativeTarget;
			buildConfigurationList = 4B058474283A660A0027DAD5 /* Build configuration list for PBXNativeTarget "Example" */;
			buildPhases = (
				4B05844C283A66090027DAD5 /* Sources */,
				4B05844D283A66090027DAD5 /* Frameworks */,
				4B05844E283A66090027DAD5 /* Resources */,
				4B05848D283A67650027DAD5 /* Embed Frameworks */,
			);
			buildRules = (
			);
			dependencies = (
				4B9C5739284DE2DF001DE13A /* PBXTargetDependency */,
			);
			name = Example;
			productName = Example;
			productReference = 4B058450283A66090027DAD5 /* Example.app */;
			productType = "com.apple.product-type.application";
		};
		4B05845F283A660A0027DAD5 /* ApplicationTests */ = {
			isa = PBXNativeTarget;
			buildConfigurationList = 4B058477283A660A0027DAD5 /* Build configuration list for PBXNativeTarget "ApplicationTests" */;
			buildPhases = (
				4B05845C283A660A0027DAD5 /* Sources */,
				4B05845D283A660A0027DAD5 /* Frameworks */,
				4B05845E283A660A0027DAD5 /* Resources */,
			);
			buildRules = (
			);
			dependencies = (
				4B058462283A660A0027DAD5 /* PBXTargetDependency */,
			);
			name = ApplicationTests;
			productName = ExampleTests;
			productReference = 4B058460283A660A0027DAD5 /* ApplicationTests.xctest */;
			productType = "com.apple.product-type.bundle.unit-test";
		};
		4B058481283A67650027DAD5 /* SwiftUI-snapshot-test */ = {
			isa = PBXNativeTarget;
			buildConfigurationList = 4B05848A283A67650027DAD5 /* Build configuration list for PBXNativeTarget "SwiftUI-snapshot-test" */;
			buildPhases = (
				4B05847D283A67650027DAD5 /* Headers */,
				4B05847E283A67650027DAD5 /* Sources */,
				4B05847F283A67650027DAD5 /* Frameworks */,
				4B058480283A67650027DAD5 /* Resources */,
				4B058498283A67DE0027DAD5 /* Embed Frameworks */,
			);
			buildRules = (
			);
			dependencies = (
				4B9C5743284DE37C001DE13A /* PBXTargetDependency */,
			);
			name = "SwiftUI-snapshot-test";
			productName = "SwiftUI-snapshot-test";
			productReference = 4B058482283A67650027DAD5 /* SwiftUI_snapshot_test.framework */;
			productType = "com.apple.product-type.framework";
		};
		4B9C5733284DE2DF001DE13A /* PreviewGroup */ = {
			isa = PBXNativeTarget;
			buildConfigurationList = 4B9C573C284DE2DF001DE13A /* Build configuration list for PBXNativeTarget "PreviewGroup" */;
			buildPhases = (
				4B9C572F284DE2DF001DE13A /* Headers */,
				4B9C5730284DE2DF001DE13A /* Sources */,
				4B9C5731284DE2DF001DE13A /* Frameworks */,
				4B9C5732284DE2DF001DE13A /* Resources */,
			);
			buildRules = (
			);
			dependencies = (
			);
			name = PreviewGroup;
			productName = PreviewGroup;
			productReference = 4B9C5734284DE2DF001DE13A /* PreviewGroup.framework */;
			productType = "com.apple.product-type.framework";
		};
/* End PBXNativeTarget section */

/* Begin PBXProject section */
		4B058448283A66080027DAD5 /* Project object */ = {
			isa = PBXProject;
			attributes = {
				BuildIndependentTargetsInParallel = 1;
				LastSwiftUpdateCheck = 1340;
				LastUpgradeCheck = 1340;
				TargetAttributes = {
					4B05844F283A66090027DAD5 = {
						CreatedOnToolsVersion = 13.4;
					};
					4B05845F283A660A0027DAD5 = {
						CreatedOnToolsVersion = 13.4;
						TestTargetID = 4B05844F283A66090027DAD5;
					};
					4B058481283A67650027DAD5 = {
						CreatedOnToolsVersion = 13.4;
						LastSwiftMigration = 1340;
					};
					4B9C5733284DE2DF001DE13A = {
						CreatedOnToolsVersion = 13.4;
					};
				};
			};
			buildConfigurationList = 4B05844B283A66080027DAD5 /* Build configuration list for PBXProject "Example" */;
			compatibilityVersion = "Xcode 13.0";
			developmentRegion = en;
			hasScannedForEncodings = 0;
			knownRegions = (
				en,
				Base,
			);
			mainGroup = 4B058447283A66080027DAD5;
			productRefGroup = 4B058451283A66090027DAD5 /* Products */;
			projectDirPath = "";
			projectRoot = "";
			targets = (
				4B05844F283A66090027DAD5 /* Example */,
				4B05845F283A660A0027DAD5 /* ApplicationTests */,
				4B058481283A67650027DAD5 /* SwiftUI-snapshot-test */,
				4B9C5733284DE2DF001DE13A /* PreviewGroup */,
			);
		};
/* End PBXProject section */

/* Begin PBXResourcesBuildPhase section */
		4B05844E283A66090027DAD5 /* Resources */ = {
			isa = PBXResourcesBuildPhase;
			buildActionMask = 2147483647;
			files = (
				4B05845B283A660A0027DAD5 /* Preview Assets.xcassets in Resources */,
				4B058458283A660A0027DAD5 /* Assets.xcassets in Resources */,
			);
			runOnlyForDeploymentPostprocessing = 0;
		};
		4B05845E283A660A0027DAD5 /* Resources */ = {
			isa = PBXResourcesBuildPhase;
			buildActionMask = 2147483647;
			files = (
			);
			runOnlyForDeploymentPostprocessing = 0;
		};
		4B058480283A67650027DAD5 /* Resources */ = {
			isa = PBXResourcesBuildPhase;
			buildActionMask = 2147483647;
			files = (
			);
			runOnlyForDeploymentPostprocessing = 0;
		};
		4B9C5732284DE2DF001DE13A /* Resources */ = {
			isa = PBXResourcesBuildPhase;
			buildActionMask = 2147483647;
			files = (
			);
			runOnlyForDeploymentPostprocessing = 0;
		};
/* End PBXResourcesBuildPhase section */

/* Begin PBXSourcesBuildPhase section */
		4B05844C283A66090027DAD5 /* Sources */ = {
			isa = PBXSourcesBuildPhase;
			buildActionMask = 2147483647;
			files = (
				4B058456283A66090027DAD5 /* ContentView.swift in Sources */,
				4B0584A5283ADFBF0027DAD5 /* FavoriteView.swift in Sources */,
				4B058454283A66090027DAD5 /* ExampleApp.swift in Sources */,
			);
			runOnlyForDeploymentPostprocessing = 0;
		};
		4B05845C283A660A0027DAD5 /* Sources */ = {
			isa = PBXSourcesBuildPhase;
			buildActionMask = 2147483647;
			files = (
				4B058465283A660A0027DAD5 /* SnapshotTests.swift in Sources */,
			);
			runOnlyForDeploymentPostprocessing = 0;
		};
		4B05847E283A67650027DAD5 /* Sources */ = {
			isa = PBXSourcesBuildPhase;
			buildActionMask = 2147483647;
			files = (
				4B0584A3283ADCD80027DAD5 /* verifySnapshot.swift in Sources */,
				4B77755928547AC60044E2BC /* CIImage+Extensions.swift in Sources */,
				4B0584A2283ADCD80027DAD5 /* UIViewExtensions.swift in Sources */,
				4BEE8EDD285D944300E961AA /* SnapshotsConfiguration.swift in Sources */,
				4B0584A1283ADCD80027DAD5 /* maxColorDiff.swift in Sources */,
			);
			runOnlyForDeploymentPostprocessing = 0;
		};
		4B9C5730284DE2DF001DE13A /* Sources */ = {
			isa = PBXSourcesBuildPhase;
			buildActionMask = 2147483647;
			files = (
				4B9C5740284DE2E8001DE13A /* PreviewGroupRoot.swift in Sources */,
				4B9C573F284DE2E8001DE13A /* PreviewGroup.swift in Sources */,
			);
			runOnlyForDeploymentPostprocessing = 0;
		};
/* End PBXSourcesBuildPhase section */

/* Begin PBXTargetDependency section */
		4B058462283A660A0027DAD5 /* PBXTargetDependency */ = {
			isa = PBXTargetDependency;
			target = 4B05844F283A66090027DAD5 /* Example */;
			targetProxy = 4B058461283A660A0027DAD5 /* PBXContainerItemProxy */;
		};
		4B9C5739284DE2DF001DE13A /* PBXTargetDependency */ = {
			isa = PBXTargetDependency;
			target = 4B9C5733284DE2DF001DE13A /* PreviewGroup */;
			targetProxy = 4B9C5738284DE2DF001DE13A /* PBXContainerItemProxy */;
		};
		4B9C5743284DE37C001DE13A /* PBXTargetDependency */ = {
			isa = PBXTargetDependency;
			target = 4B9C5733284DE2DF001DE13A /* PreviewGroup */;
			targetProxy = 4B9C5742284DE37C001DE13A /* PBXContainerItemProxy */;
		};
/* End PBXTargetDependency section */

/* Begin XCBuildConfiguration section */
		4B058472283A660A0027DAD5 /* Debug */ = {
			isa = XCBuildConfiguration;
			buildSettings = {
				ALWAYS_SEARCH_USER_PATHS = NO;
				CLANG_ANALYZER_NONNULL = YES;
				CLANG_ANALYZER_NUMBER_OBJECT_CONVERSION = YES_AGGRESSIVE;
				CLANG_CXX_LANGUAGE_STANDARD = "gnu++17";
				CLANG_ENABLE_MODULES = YES;
				CLANG_ENABLE_OBJC_ARC = YES;
				CLANG_ENABLE_OBJC_WEAK = YES;
				CLANG_WARN_BLOCK_CAPTURE_AUTORELEASING = YES;
				CLANG_WARN_BOOL_CONVERSION = YES;
				CLANG_WARN_COMMA = YES;
				CLANG_WARN_CONSTANT_CONVERSION = YES;
				CLANG_WARN_DEPRECATED_OBJC_IMPLEMENTATIONS = YES;
				CLANG_WARN_DIRECT_OBJC_ISA_USAGE = YES_ERROR;
				CLANG_WARN_DOCUMENTATION_COMMENTS = YES;
				CLANG_WARN_EMPTY_BODY = YES;
				CLANG_WARN_ENUM_CONVERSION = YES;
				CLANG_WARN_INFINITE_RECURSION = YES;
				CLANG_WARN_INT_CONVERSION = YES;
				CLANG_WARN_NON_LITERAL_NULL_CONVERSION = YES;
				CLANG_WARN_OBJC_IMPLICIT_RETAIN_SELF = YES;
				CLANG_WARN_OBJC_LITERAL_CONVERSION = YES;
				CLANG_WARN_OBJC_ROOT_CLASS = YES_ERROR;
				CLANG_WARN_QUOTED_INCLUDE_IN_FRAMEWORK_HEADER = YES;
				CLANG_WARN_RANGE_LOOP_ANALYSIS = YES;
				CLANG_WARN_STRICT_PROTOTYPES = YES;
				CLANG_WARN_SUSPICIOUS_MOVE = YES;
				CLANG_WARN_UNGUARDED_AVAILABILITY = YES_AGGRESSIVE;
				CLANG_WARN_UNREACHABLE_CODE = YES;
				CLANG_WARN__DUPLICATE_METHOD_MATCH = YES;
				COPY_PHASE_STRIP = NO;
				DEBUG_INFORMATION_FORMAT = dwarf;
				ENABLE_STRICT_OBJC_MSGSEND = YES;
				ENABLE_TESTABILITY = YES;
				GCC_C_LANGUAGE_STANDARD = gnu11;
				GCC_DYNAMIC_NO_PIC = NO;
				GCC_NO_COMMON_BLOCKS = YES;
				GCC_OPTIMIZATION_LEVEL = 0;
				GCC_PREPROCESSOR_DEFINITIONS = (
					"DEBUG=1",
					"$(inherited)",
				);
				GCC_WARN_64_TO_32_BIT_CONVERSION = YES;
				GCC_WARN_ABOUT_RETURN_TYPE = YES_ERROR;
				GCC_WARN_UNDECLARED_SELECTOR = YES;
				GCC_WARN_UNINITIALIZED_AUTOS = YES_AGGRESSIVE;
				GCC_WARN_UNUSED_FUNCTION = YES;
				GCC_WARN_UNUSED_VARIABLE = YES;
				IPHONEOS_DEPLOYMENT_TARGET = 15.5;
				MTL_ENABLE_DEBUG_INFO = INCLUDE_SOURCE;
				MTL_FAST_MATH = YES;
				ONLY_ACTIVE_ARCH = YES;
				SDKROOT = iphoneos;
				SWIFT_ACTIVE_COMPILATION_CONDITIONS = DEBUG;
				SWIFT_OPTIMIZATION_LEVEL = "-Onone";
			};
			name = Debug;
		};
		4B058473283A660A0027DAD5 /* Release */ = {
			isa = XCBuildConfiguration;
			buildSettings = {
				ALWAYS_SEARCH_USER_PATHS = NO;
				CLANG_ANALYZER_NONNULL = YES;
				CLANG_ANALYZER_NUMBER_OBJECT_CONVERSION = YES_AGGRESSIVE;
				CLANG_CXX_LANGUAGE_STANDARD = "gnu++17";
				CLANG_ENABLE_MODULES = YES;
				CLANG_ENABLE_OBJC_ARC = YES;
				CLANG_ENABLE_OBJC_WEAK = YES;
				CLANG_WARN_BLOCK_CAPTURE_AUTORELEASING = YES;
				CLANG_WARN_BOOL_CONVERSION = YES;
				CLANG_WARN_COMMA = YES;
				CLANG_WARN_CONSTANT_CONVERSION = YES;
				CLANG_WARN_DEPRECATED_OBJC_IMPLEMENTATIONS = YES;
				CLANG_WARN_DIRECT_OBJC_ISA_USAGE = YES_ERROR;
				CLANG_WARN_DOCUMENTATION_COMMENTS = YES;
				CLANG_WARN_EMPTY_BODY = YES;
				CLANG_WARN_ENUM_CONVERSION = YES;
				CLANG_WARN_INFINITE_RECURSION = YES;
				CLANG_WARN_INT_CONVERSION = YES;
				CLANG_WARN_NON_LITERAL_NULL_CONVERSION = YES;
				CLANG_WARN_OBJC_IMPLICIT_RETAIN_SELF = YES;
				CLANG_WARN_OBJC_LITERAL_CONVERSION = YES;
				CLANG_WARN_OBJC_ROOT_CLASS = YES_ERROR;
				CLANG_WARN_QUOTED_INCLUDE_IN_FRAMEWORK_HEADER = YES;
				CLANG_WARN_RANGE_LOOP_ANALYSIS = YES;
				CLANG_WARN_STRICT_PROTOTYPES = YES;
				CLANG_WARN_SUSPICIOUS_MOVE = YES;
				CLANG_WARN_UNGUARDED_AVAILABILITY = YES_AGGRESSIVE;
				CLANG_WARN_UNREACHABLE_CODE = YES;
				CLANG_WARN__DUPLICATE_METHOD_MATCH = YES;
				COPY_PHASE_STRIP = NO;
				DEBUG_INFORMATION_FORMAT = "dwarf-with-dsym";
				ENABLE_NS_ASSERTIONS = NO;
				ENABLE_STRICT_OBJC_MSGSEND = YES;
				GCC_C_LANGUAGE_STANDARD = gnu11;
				GCC_NO_COMMON_BLOCKS = YES;
				GCC_WARN_64_TO_32_BIT_CONVERSION = YES;
				GCC_WARN_ABOUT_RETURN_TYPE = YES_ERROR;
				GCC_WARN_UNDECLARED_SELECTOR = YES;
				GCC_WARN_UNINITIALIZED_AUTOS = YES_AGGRESSIVE;
				GCC_WARN_UNUSED_FUNCTION = YES;
				GCC_WARN_UNUSED_VARIABLE = YES;
				IPHONEOS_DEPLOYMENT_TARGET = 15.5;
				MTL_ENABLE_DEBUG_INFO = NO;
				MTL_FAST_MATH = YES;
				SDKROOT = iphoneos;
				SWIFT_COMPILATION_MODE = wholemodule;
				SWIFT_OPTIMIZATION_LEVEL = "-O";
				VALIDATE_PRODUCT = YES;
			};
			name = Release;
		};
		4B058475283A660A0027DAD5 /* Debug */ = {
			isa = XCBuildConfiguration;
			buildSettings = {
				ALWAYS_EMBED_SWIFT_STANDARD_LIBRARIES = YES;
				ASSETCATALOG_COMPILER_APPICON_NAME = AppIcon;
				ASSETCATALOG_COMPILER_GLOBAL_ACCENT_COLOR_NAME = AccentColor;
				CODE_SIGN_STYLE = Automatic;
				CURRENT_PROJECT_VERSION = 1;
				ENABLE_PREVIEWS = YES;
				GENERATE_INFOPLIST_FILE = YES;
				INFOPLIST_KEY_UIApplicationSceneManifest_Generation = YES;
				INFOPLIST_KEY_UIApplicationSupportsIndirectInputEvents = YES;
				INFOPLIST_KEY_UILaunchScreen_Generation = YES;
				INFOPLIST_KEY_UISupportedInterfaceOrientations_iPad = "UIInterfaceOrientationPortrait UIInterfaceOrientationPortraitUpsideDown UIInterfaceOrientationLandscapeLeft UIInterfaceOrientationLandscapeRight";
				INFOPLIST_KEY_UISupportedInterfaceOrientations_iPhone = "UIInterfaceOrientationPortrait UIInterfaceOrientationLandscapeLeft UIInterfaceOrientationLandscapeRight";
				LD_RUNPATH_SEARCH_PATHS = (
					"$(inherited)",
					"@executable_path/Frameworks",
				);
				MARKETING_VERSION = 1.0;
				PRODUCT_BUNDLE_IDENTIFIER = "com.github.paulz.swiftui-snapshot-test.Example";
				PRODUCT_NAME = "$(TARGET_NAME)";
				SWIFT_EMIT_LOC_STRINGS = YES;
				SWIFT_VERSION = 5.0;
				TARGETED_DEVICE_FAMILY = "1,2";
			};
			name = Debug;
		};
		4B058476283A660A0027DAD5 /* Release */ = {
			isa = XCBuildConfiguration;
			buildSettings = {
				ALWAYS_EMBED_SWIFT_STANDARD_LIBRARIES = YES;
				ASSETCATALOG_COMPILER_APPICON_NAME = AppIcon;
				ASSETCATALOG_COMPILER_GLOBAL_ACCENT_COLOR_NAME = AccentColor;
				CODE_SIGN_STYLE = Automatic;
				CURRENT_PROJECT_VERSION = 1;
				ENABLE_PREVIEWS = YES;
				GENERATE_INFOPLIST_FILE = YES;
				INFOPLIST_KEY_UIApplicationSceneManifest_Generation = YES;
				INFOPLIST_KEY_UIApplicationSupportsIndirectInputEvents = YES;
				INFOPLIST_KEY_UILaunchScreen_Generation = YES;
				INFOPLIST_KEY_UISupportedInterfaceOrientations_iPad = "UIInterfaceOrientationPortrait UIInterfaceOrientationPortraitUpsideDown UIInterfaceOrientationLandscapeLeft UIInterfaceOrientationLandscapeRight";
				INFOPLIST_KEY_UISupportedInterfaceOrientations_iPhone = "UIInterfaceOrientationPortrait UIInterfaceOrientationLandscapeLeft UIInterfaceOrientationLandscapeRight";
				LD_RUNPATH_SEARCH_PATHS = (
					"$(inherited)",
					"@executable_path/Frameworks",
				);
				MARKETING_VERSION = 1.0;
				PRODUCT_BUNDLE_IDENTIFIER = "com.github.paulz.swiftui-snapshot-test.Example";
				PRODUCT_NAME = "$(TARGET_NAME)";
				SWIFT_EMIT_LOC_STRINGS = YES;
				SWIFT_VERSION = 5.0;
				TARGETED_DEVICE_FAMILY = "1,2";
			};
			name = Release;
		};
		4B058478283A660A0027DAD5 /* Debug */ = {
			isa = XCBuildConfiguration;
			buildSettings = {
				ALWAYS_EMBED_SWIFT_STANDARD_LIBRARIES = YES;
				BUNDLE_LOADER = "$(TEST_HOST)";
				CODE_SIGN_STYLE = Automatic;
				CURRENT_PROJECT_VERSION = 1;
				GENERATE_INFOPLIST_FILE = YES;
				IPHONEOS_DEPLOYMENT_TARGET = 15.5;
				MARKETING_VERSION = 1.0;
				PRODUCT_BUNDLE_IDENTIFIER = "com.github.paulz.swiftui-snapshot-test.Example.ApplicationTests";
				PRODUCT_NAME = "$(TARGET_NAME)";
				SWIFT_EMIT_LOC_STRINGS = NO;
				SWIFT_VERSION = 5.0;
				TARGETED_DEVICE_FAMILY = "1,2";
				TEST_HOST = "$(BUILT_PRODUCTS_DIR)/Example.app/Example";
			};
			name = Debug;
		};
		4B058479283A660A0027DAD5 /* Release */ = {
			isa = XCBuildConfiguration;
			buildSettings = {
				ALWAYS_EMBED_SWIFT_STANDARD_LIBRARIES = YES;
				BUNDLE_LOADER = "$(TEST_HOST)";
				CODE_SIGN_STYLE = Automatic;
				CURRENT_PROJECT_VERSION = 1;
				GENERATE_INFOPLIST_FILE = YES;
				IPHONEOS_DEPLOYMENT_TARGET = 15.5;
				MARKETING_VERSION = 1.0;
				PRODUCT_BUNDLE_IDENTIFIER = "com.github.paulz.swiftui-snapshot-test.Example.ApplicationTests";
				PRODUCT_NAME = "$(TARGET_NAME)";
				SWIFT_EMIT_LOC_STRINGS = NO;
				SWIFT_VERSION = 5.0;
				TARGETED_DEVICE_FAMILY = "1,2";
				TEST_HOST = "$(BUILT_PRODUCTS_DIR)/Example.app/Example";
			};
			name = Release;
		};
		4B05848B283A67650027DAD5 /* Debug */ = {
			isa = XCBuildConfiguration;
			buildSettings = {
				CLANG_ENABLE_MODULES = YES;
				CODE_SIGN_STYLE = Automatic;
				CURRENT_PROJECT_VERSION = 1;
				DEFINES_MODULE = YES;
				DYLIB_COMPATIBILITY_VERSION = 1;
				DYLIB_CURRENT_VERSION = 1;
				DYLIB_INSTALL_NAME_BASE = "@rpath";
				GENERATE_INFOPLIST_FILE = YES;
				INFOPLIST_KEY_NSHumanReadableCopyright = "";
				INSTALL_PATH = "$(LOCAL_LIBRARY_DIR)/Frameworks";
				LD_RUNPATH_SEARCH_PATHS = (
					"$(inherited)",
					"@executable_path/Frameworks",
					"@loader_path/Frameworks",
				);
				MARKETING_VERSION = 1.0;
				PRODUCT_BUNDLE_IDENTIFIER = "com.github.paulz.swiftui-snapshot-test.SwiftUI-snapshot-test";
				PRODUCT_NAME = "$(TARGET_NAME:c99extidentifier)";
				SKIP_INSTALL = YES;
				SWIFT_EMIT_LOC_STRINGS = YES;
				SWIFT_OPTIMIZATION_LEVEL = "-Onone";
				SWIFT_VERSION = 5.0;
				TARGETED_DEVICE_FAMILY = "1,2";
				VERSIONING_SYSTEM = "apple-generic";
				VERSION_INFO_PREFIX = "";
			};
			name = Debug;
		};
		4B05848C283A67650027DAD5 /* Release */ = {
			isa = XCBuildConfiguration;
			buildSettings = {
				CLANG_ENABLE_MODULES = YES;
				CODE_SIGN_STYLE = Automatic;
				CURRENT_PROJECT_VERSION = 1;
				DEFINES_MODULE = YES;
				DYLIB_COMPATIBILITY_VERSION = 1;
				DYLIB_CURRENT_VERSION = 1;
				DYLIB_INSTALL_NAME_BASE = "@rpath";
				GENERATE_INFOPLIST_FILE = YES;
				INFOPLIST_KEY_NSHumanReadableCopyright = "";
				INSTALL_PATH = "$(LOCAL_LIBRARY_DIR)/Frameworks";
				LD_RUNPATH_SEARCH_PATHS = (
					"$(inherited)",
					"@executable_path/Frameworks",
					"@loader_path/Frameworks",
				);
				MARKETING_VERSION = 1.0;
				PRODUCT_BUNDLE_IDENTIFIER = "com.github.paulz.swiftui-snapshot-test.SwiftUI-snapshot-test";
				PRODUCT_NAME = "$(TARGET_NAME:c99extidentifier)";
				SKIP_INSTALL = YES;
				SWIFT_EMIT_LOC_STRINGS = YES;
				SWIFT_VERSION = 5.0;
				TARGETED_DEVICE_FAMILY = "1,2";
				VERSIONING_SYSTEM = "apple-generic";
				VERSION_INFO_PREFIX = "";
			};
			name = Release;
		};
		4B9C573D284DE2DF001DE13A /* Debug */ = {
			isa = XCBuildConfiguration;
			buildSettings = {
				CODE_SIGN_STYLE = Automatic;
				CURRENT_PROJECT_VERSION = 1;
				DEFINES_MODULE = YES;
				DYLIB_COMPATIBILITY_VERSION = 1;
				DYLIB_CURRENT_VERSION = 1;
				DYLIB_INSTALL_NAME_BASE = "@rpath";
				GENERATE_INFOPLIST_FILE = YES;
				INFOPLIST_KEY_NSHumanReadableCopyright = "";
				INSTALL_PATH = "$(LOCAL_LIBRARY_DIR)/Frameworks";
				LD_RUNPATH_SEARCH_PATHS = (
					"$(inherited)",
					"@executable_path/Frameworks",
					"@loader_path/Frameworks",
				);
				MARKETING_VERSION = 1.0;
				PRODUCT_BUNDLE_IDENTIFIER = "com.github.paulz.swiftui-snapshot-test.PreviewGroup";
				PRODUCT_NAME = "$(TARGET_NAME:c99extidentifier)";
				SKIP_INSTALL = YES;
				SWIFT_EMIT_LOC_STRINGS = YES;
				SWIFT_VERSION = 5.0;
				TARGETED_DEVICE_FAMILY = "1,2";
				VERSIONING_SYSTEM = "apple-generic";
				VERSION_INFO_PREFIX = "";
			};
			name = Debug;
		};
		4B9C573E284DE2DF001DE13A /* Release */ = {
			isa = XCBuildConfiguration;
			buildSettings = {
				CODE_SIGN_STYLE = Automatic;
				CURRENT_PROJECT_VERSION = 1;
				DEFINES_MODULE = YES;
				DYLIB_COMPATIBILITY_VERSION = 1;
				DYLIB_CURRENT_VERSION = 1;
				DYLIB_INSTALL_NAME_BASE = "@rpath";
				GENERATE_INFOPLIST_FILE = YES;
				INFOPLIST_KEY_NSHumanReadableCopyright = "";
				INSTALL_PATH = "$(LOCAL_LIBRARY_DIR)/Frameworks";
				LD_RUNPATH_SEARCH_PATHS = (
					"$(inherited)",
					"@executable_path/Frameworks",
					"@loader_path/Frameworks",
				);
				MARKETING_VERSION = 1.0;
				PRODUCT_BUNDLE_IDENTIFIER = "com.github.paulz.swiftui-snapshot-test.PreviewGroup";
				PRODUCT_NAME = "$(TARGET_NAME:c99extidentifier)";
				SKIP_INSTALL = YES;
				SWIFT_EMIT_LOC_STRINGS = YES;
				SWIFT_VERSION = 5.0;
				TARGETED_DEVICE_FAMILY = "1,2";
				VERSIONING_SYSTEM = "apple-generic";
				VERSION_INFO_PREFIX = "";
			};
			name = Release;
		};
/* End XCBuildConfiguration section */

/* Begin XCConfigurationList section */
		4B05844B283A66080027DAD5 /* Build configuration list for PBXProject "Example" */ = {
			isa = XCConfigurationList;
			buildConfigurations = (
				4B058472283A660A0027DAD5 /* Debug */,
				4B058473283A660A0027DAD5 /* Release */,
			);
			defaultConfigurationIsVisible = 0;
			defaultConfigurationName = Release;
		};
		4B058474283A660A0027DAD5 /* Build configuration list for PBXNativeTarget "Example" */ = {
			isa = XCConfigurationList;
			buildConfigurations = (
				4B058475283A660A0027DAD5 /* Debug */,
				4B058476283A660A0027DAD5 /* Release */,
			);
			defaultConfigurationIsVisible = 0;
			defaultConfigurationName = Release;
		};
		4B058477283A660A0027DAD5 /* Build configuration list for PBXNativeTarget "ApplicationTests" */ = {
			isa = XCConfigurationList;
			buildConfigurations = (
				4B058478283A660A0027DAD5 /* Debug */,
				4B058479283A660A0027DAD5 /* Release */,
			);
			defaultConfigurationIsVisible = 0;
			defaultConfigurationName = Release;
		};
		4B05848A283A67650027DAD5 /* Build configuration list for PBXNativeTarget "SwiftUI-snapshot-test" */ = {
			isa = XCConfigurationList;
			buildConfigurations = (
				4B05848B283A67650027DAD5 /* Debug */,
				4B05848C283A67650027DAD5 /* Release */,
			);
			defaultConfigurationIsVisible = 0;
			defaultConfigurationName = Release;
		};
		4B9C573C284DE2DF001DE13A /* Build configuration list for PBXNativeTarget "PreviewGroup" */ = {
			isa = XCConfigurationList;
			buildConfigurations = (
				4B9C573D284DE2DF001DE13A /* Debug */,
				4B9C573E284DE2DF001DE13A /* Release */,
			);
			defaultConfigurationIsVisible = 0;
			defaultConfigurationName = Release;
		};
/* End XCConfigurationList section */
	};
	rootObject = 4B058448283A66080027DAD5 /* Project object */;
}
